
Microsoft Visual Studio Solution File, Format Version 12.00
# Visual Studio 14
VisualStudioVersion = 14.0.25420.1
MinimumVisualStudioVersion = 10.0.40219.1
Project("{2150E333-8FDC-42A3-9474-1A3956D46DE8}") = "src", "src", "{22990498-E328-448A-B651-D477F469570E}"
EndProject
Project("{2150E333-8FDC-42A3-9474-1A3956D46DE8}") = "Solution Items", "Solution Items", "{B816D1C7-4EE9-4C2A-95FD-112C4ABDD8EA}"
	ProjectSection(SolutionItems) = preProject
		global.json = global.json
	EndProjectSection
EndProject
Project("{8BB2217D-0F2D-49D1-97BC-3654ED321F3B}") = "ProductTracker", "src\ProductTracker\ProductTracker.xproj", "{D982B64E-861B-426C-AC3C-094C2B0B119F}"
EndProject
Global
	GlobalSection(SolutionConfigurationPlatforms) = preSolution
		Debug|Any CPU = Debug|Any CPU
		Release|Any CPU = Release|Any CPU
	EndGlobalSection
	GlobalSection(ProjectConfigurationPlatforms) = postSolution
		{D982B64E-861B-426C-AC3C-094C2B0B119F}.Debug|Any CPU.ActiveCfg = Debug|Any CPU
		{D982B64E-861B-426C-AC3C-094C2B0B119F}.Debug|Any CPU.Build.0 = Debug|Any CPU
		{D982B64E-861B-426C-AC3C-094C2B0B119F}.Release|Any CPU.ActiveCfg = Release|Any CPU
		{D982B64E-861B-426C-AC3C-094C2B0B119F}.Release|Any CPU.Build.0 = Release|Any CPU
	EndGlobalSection
	GlobalSection(SolutionProperties) = preSolution
		HideSolutionNode = FALSE
	EndGlobalSection
	GlobalSection(NestedProjects) = preSolution
		{D982B64E-861B-426C-AC3C-094C2B0B119F} = {22990498-E328-448A-B651-D477F469570E}
	EndGlobalSection
EndGlobal
